
Microsoft Visual Studio Solution File, Format Version 12.00
# Visual Studio Version 17
VisualStudioVersion = 17.1.31911.260
MinimumVisualStudioVersion = 10.0.40219.1
Project("{FAE04EC0-301F-11D3-BF4B-00C04F79EFBC}") = "WebApplication1", "WebApplication1.csproj", "{D4D3E134-610B-4635-8C40-8B9F163CE954}"
EndProject
Global
	GlobalSection(SolutionConfigurationPlatforms) = preSolution
		Debug|Any CPU = Debug|Any CPU
		Release|Any CPU = Release|Any CPU
	EndGlobalSection
	GlobalSection(ProjectConfigurationPlatforms) = postSolution
		{D4D3E134-610B-4635-8C40-8B9F163CE954}.Debug|Any CPU.ActiveCfg = Debug|Any CPU
		{D4D3E134-610B-4635-8C40-8B9F163CE954}.Debug|Any CPU.Build.0 = Debug|Any CPU
		{D4D3E134-610B-4635-8C40-8B9F163CE954}.Release|Any CPU.ActiveCfg = Release|Any CPU
		{D4D3E134-610B-4635-8C40-8B9F163CE954}.Release|Any CPU.Build.0 = Release|Any CPU
	EndGlobalSection
	GlobalSection(SolutionProperties) = preSolution
		HideSolutionNode = FALSE
	EndGlobalSection
	GlobalSection(ExtensibilityGlobals) = postSolution
		SolutionGuid = {CA1E7130-9CAD-46EE-8FF7-BFCA0A5C7A5D}
	EndGlobalSection
EndGlobal
